
Microsoft Visual Studio Solution File, Format Version 12.00
# Visual Studio Version 17
VisualStudioVersion = 17.13.35913.81 d17.13
MinimumVisualStudioVersion = 10.0.40219.1
Project("{FAE04EC0-301F-11D3-BF4B-00C04F79EFBC}") = "SLEEP LOG", "SLEEP LOG\SLEEP LOG.csproj", "{DCDE4B44-7FD8-405E-82D4-11A498F7F28E}"
EndProject
Global
	GlobalSection(SolutionConfigurationPlatforms) = preSolution
		Debug|Any CPU = Debug|Any CPU
		Release|Any CPU = Release|Any CPU
	EndGlobalSection
	GlobalSection(ProjectConfigurationPlatforms) = postSolution
		{DCDE4B44-7FD8-405E-82D4-11A498F7F28E}.Debug|Any CPU.ActiveCfg = Debug|Any CPU
		{DCDE4B44-7FD8-405E-82D4-11A498F7F28E}.Debug|Any CPU.Build.0 = Debug|Any CPU
		{DCDE4B44-7FD8-405E-82D4-11A498F7F28E}.Release|Any CPU.ActiveCfg = Release|Any CPU
		{DCDE4B44-7FD8-405E-82D4-11A498F7F28E}.Release|Any CPU.Build.0 = Release|Any CPU
	EndGlobalSection
	GlobalSection(SolutionProperties) = preSolution
		HideSolutionNode = FALSE
	EndGlobalSection
	GlobalSection(ExtensibilityGlobals) = postSolution
		SolutionGuid = {5F851AD6-8991-4543-9594-6C09A5536147}
	EndGlobalSection
EndGlobal
